// !$*UTF8*$!
{
	archiveVersion = 1;
	classes = {
	};
	objectVersion = 56;
	objects = {

/* Begin PBXBuildFile section */
		432718392C4658670002F4D6 /* SwiftUiMemoApp.swift in Sources */ = {isa = PBXBuildFile; fileRef = 432718382C4658670002F4D6 /* SwiftUiMemoApp.swift */; };
		4327183B2C4658670002F4D6 /* Persistence.swift in Sources */ = {isa = PBXBuildFile; fileRef = 4327183A2C4658670002F4D6 /* Persistence.swift */; };
		4327183E2C4658670002F4D6 /* SwiftUiMemo.xcdatamodeld in Sources */ = {isa = PBXBuildFile; fileRef = 4327183C2C4658670002F4D6 /* SwiftUiMemo.xcdatamodeld */; };
		432718402C4658670002F4D6 /* ContentView.swift in Sources */ = {isa = PBXBuildFile; fileRef = 4327183F2C4658670002F4D6 /* ContentView.swift */; };
		432718422C46586A0002F4D6 /* Assets.xcassets in Resources */ = {isa = PBXBuildFile; fileRef = 432718412C46586A0002F4D6 /* Assets.xcassets */; };
		432718462C46586A0002F4D6 /* Preview Assets.xcassets in Resources */ = {isa = PBXBuildFile; fileRef = 432718452C46586A0002F4D6 /* Preview Assets.xcassets */; };
		432718512C46586A0002F4D6 /* SwiftUiMemoTests.swift in Sources */ = {isa = PBXBuildFile; fileRef = 432718502C46586A0002F4D6 /* SwiftUiMemoTests.swift */; };
		4327185B2C46586A0002F4D6 /* SwiftUiMemoUITests.swift in Sources */ = {isa = PBXBuildFile; fileRef = 4327185A2C46586A0002F4D6 /* SwiftUiMemoUITests.swift */; };
		4327185D2C46586A0002F4D6 /* SwiftUiMemoUITestsLaunchTests.swift in Sources */ = {isa = PBXBuildFile; fileRef = 4327185C2C46586A0002F4D6 /* SwiftUiMemoUITestsLaunchTests.swift */; };
/* End PBXBuildFile section */

/* Begin PBXContainerItemProxy section */
		4327184D2C46586A0002F4D6 /* PBXContainerItemProxy */ = {
			isa = PBXContainerItemProxy;
			containerPortal = 4327182D2C4658670002F4D6 /* Project object */;
			proxyType = 1;
			remoteGlobalIDString = 432718342C4658670002F4D6;
			remoteInfo = SwiftUiMemo;
		};
		432718572C46586A0002F4D6 /* PBXContainerItemProxy */ = {
			isa = PBXContainerItemProxy;
			containerPortal = 4327182D2C4658670002F4D6 /* Project object */;
			proxyType = 1;
			remoteGlobalIDString = 432718342C4658670002F4D6;
			remoteInfo = SwiftUiMemo;
		};
/* End PBXContainerItemProxy section */

/* Begin PBXFileReference section */
		432718352C4658670002F4D6 /* SwiftUiMemo.app */ = {isa = PBXFileReference; explicitFileType = wrapper.application; includeInIndex = 0; path = SwiftUiMemo.app; sourceTree = BUILT_PRODUCTS_DIR; };
		432718382C4658670002F4D6 /* SwiftUiMemoApp.swift */ = {isa = PBXFileReference; lastKnownFileType = sourcecode.swift; path = SwiftUiMemoApp.swift; sourceTree = "<group>"; };
		4327183A2C4658670002F4D6 /* Persistence.swift */ = {isa = PBXFileReference; lastKnownFileType = sourcecode.swift; path = Persistence.swift; sourceTree = "<group>"; };
		4327183D2C4658670002F4D6 /* SwiftUiMemo.xcdatamodel */ = {isa = PBXFileReference; lastKnownFileType = wrapper.xcdatamodel; path = SwiftUiMemo.xcdatamodel; sourceTree = "<group>"; };
		4327183F2C4658670002F4D6 /* ContentView.swift */ = {isa = PBXFileReference; lastKnownFileType = sourcecode.swift; path = ContentView.swift; sourceTree = "<group>"; };
		432718412C46586A0002F4D6 /* Assets.xcassets */ = {isa = PBXFileReference; lastKnownFileType = folder.assetcatalog; path = Assets.xcassets; sourceTree = "<group>"; };
		432718432C46586A0002F4D6 /* SwiftUiMemo.entitlements */ = {isa = PBXFileReference; lastKnownFileType = text.plist.entitlements; path = SwiftUiMemo.entitlements; sourceTree = "<group>"; };
		432718452C46586A0002F4D6 /* Preview Assets.xcassets */ = {isa = PBXFileReference; lastKnownFileType = folder.assetcatalog; path = "Preview Assets.xcassets"; sourceTree = "<group>"; };
		432718472C46586A0002F4D6 /* Info.plist */ = {isa = PBXFileReference; lastKnownFileType = text.plist.xml; path = Info.plist; sourceTree = "<group>"; };
		4327184C2C46586A0002F4D6 /* SwiftUiMemoTests.xctest */ = {isa = PBXFileReference; explicitFileType = wrapper.cfbundle; includeInIndex = 0; path = SwiftUiMemoTests.xctest; sourceTree = BUILT_PRODUCTS_DIR; };
		432718502C46586A0002F4D6 /* SwiftUiMemoTests.swift */ = {isa = PBXFileReference; lastKnownFileType = sourcecode.swift; path = SwiftUiMemoTests.swift; sourceTree = "<group>"; };
		432718562C46586A0002F4D6 /* SwiftUiMemoUITests.xctest */ = {isa = PBXFileReference; explicitFileType = wrapper.cfbundle; includeInIndex = 0; path = SwiftUiMemoUITests.xctest; sourceTree = BUILT_PRODUCTS_DIR; };
		4327185A2C46586A0002F4D6 /* SwiftUiMemoUITests.swift */ = {isa = PBXFileReference; lastKnownFileType = sourcecode.swift; path = SwiftUiMemoUITests.swift; sourceTree = "<group>"; };
		4327185C2C46586A0002F4D6 /* SwiftUiMemoUITestsLaunchTests.swift */ = {isa = PBXFileReference; lastKnownFileType = sourcecode.swift; path = SwiftUiMemoUITestsLaunchTests.swift; sourceTree = "<group>"; };
/* End PBXFileReference section */

/* Begin PBXFrameworksBuildPhase section */
		432718322C4658670002F4D6 /* Frameworks */ = {
			isa = PBXFrameworksBuildPhase;
			buildActionMask = 2147483647;
			files = (
			);
			runOnlyForDeploymentPostprocessing = 0;
		};
		432718492C46586A0002F4D6 /* Frameworks */ = {
			isa = PBXFrameworksBuildPhase;
			buildActionMask = 2147483647;
			files = (
			);
			runOnlyForDeploymentPostprocessing = 0;
		};
		432718532C46586A0002F4D6 /* Frameworks */ = {
			isa = PBXFrameworksBuildPhase;
			buildActionMask = 2147483647;
			files = (
			);
			runOnlyForDeploymentPostprocessing = 0;
		};
/* End PBXFrameworksBuildPhase section */

/* Begin PBXGroup section */
		4327182C2C4658670002F4D6 = {
			isa = PBXGroup;
			children = (
				432718372C4658670002F4D6 /* SwiftUiMemo */,
				4327184F2C46586A0002F4D6 /* SwiftUiMemoTests */,
				432718592C46586A0002F4D6 /* SwiftUiMemoUITests */,
				432718362C4658670002F4D6 /* Products */,
			);
			sourceTree = "<group>";
		};
		432718362C4658670002F4D6 /* Products */ = {
			isa = PBXGroup;
			children = (
				432718352C4658670002F4D6 /* SwiftUiMemo.app */,
				4327184C2C46586A0002F4D6 /* SwiftUiMemoTests.xctest */,
				432718562C46586A0002F4D6 /* SwiftUiMemoUITests.xctest */,
			);
			name = Products;
			sourceTree = "<group>";
		};
		432718372C4658670002F4D6 /* SwiftUiMemo */ = {
			isa = PBXGroup;
			children = (
				432718382C4658670002F4D6 /* SwiftUiMemoApp.swift */,
				4327183A2C4658670002F4D6 /* Persistence.swift */,
				4327183F2C4658670002F4D6 /* ContentView.swift */,
				432718412C46586A0002F4D6 /* Assets.xcassets */,
				432718432C46586A0002F4D6 /* SwiftUiMemo.entitlements */,
				432718472C46586A0002F4D6 /* Info.plist */,
				4327183C2C4658670002F4D6 /* SwiftUiMemo.xcdatamodeld */,
				432718442C46586A0002F4D6 /* Preview Content */,
			);
			path = SwiftUiMemo;
			sourceTree = "<group>";
		};
		432718442C46586A0002F4D6 /* Preview Content */ = {
			isa = PBXGroup;
			children = (
				432718452C46586A0002F4D6 /* Preview Assets.xcassets */,
			);
			path = "Preview Content";
			sourceTree = "<group>";
		};
		4327184F2C46586A0002F4D6 /* SwiftUiMemoTests */ = {
			isa = PBXGroup;
			children = (
				432718502C46586A0002F4D6 /* SwiftUiMemoTests.swift */,
			);
			path = SwiftUiMemoTests;
			sourceTree = "<group>";
		};
		432718592C46586A0002F4D6 /* SwiftUiMemoUITests */ = {
			isa = PBXGroup;
			children = (
				4327185A2C46586A0002F4D6 /* SwiftUiMemoUITests.swift */,
				4327185C2C46586A0002F4D6 /* SwiftUiMemoUITestsLaunchTests.swift */,
			);
			path = SwiftUiMemoUITests;
			sourceTree = "<group>";
		};
/* End PBXGroup section */

/* Begin PBXNativeTarget section */
		432718342C4658670002F4D6 /* SwiftUiMemo */ = {
			isa = PBXNativeTarget;
			buildConfigurationList = 432718602C46586A0002F4D6 /* Build configuration list for PBXNativeTarget "SwiftUiMemo" */;
			buildPhases = (
				432718312C4658670002F4D6 /* Sources */,
				432718322C4658670002F4D6 /* Frameworks */,
				432718332C4658670002F4D6 /* Resources */,
			);
			buildRules = (
			);
			dependencies = (
			);
			name = SwiftUiMemo;
			productName = SwiftUiMemo;
			productReference = 432718352C4658670002F4D6 /* SwiftUiMemo.app */;
			productType = "com.apple.product-type.application";
		};
		4327184B2C46586A0002F4D6 /* SwiftUiMemoTests */ = {
			isa = PBXNativeTarget;
			buildConfigurationList = 432718632C46586A0002F4D6 /* Build configuration list for PBXNativeTarget "SwiftUiMemoTests" */;
			buildPhases = (
				432718482C46586A0002F4D6 /* Sources */,
				432718492C46586A0002F4D6 /* Frameworks */,
				4327184A2C46586A0002F4D6 /* Resources */,
			);
			buildRules = (
			);
			dependencies = (
				4327184E2C46586A0002F4D6 /* PBXTargetDependency */,
			);
			name = SwiftUiMemoTests;
			productName = SwiftUiMemoTests;
			productReference = 4327184C2C46586A0002F4D6 /* SwiftUiMemoTests.xctest */;
			productType = "com.apple.product-type.bundle.unit-test";
		};
		432718552C46586A0002F4D6 /* SwiftUiMemoUITests */ = {
			isa = PBXNativeTarget;
			buildConfigurationList = 432718662C46586A0002F4D6 /* Build configuration list for PBXNativeTarget "SwiftUiMemoUITests" */;
			buildPhases = (
				432718522C46586A0002F4D6 /* Sources */,
				432718532C46586A0002F4D6 /* Frameworks */,
				432718542C46586A0002F4D6 /* Resources */,
			);
			buildRules = (
			);
			dependencies = (
				432718582C46586A0002F4D6 /* PBXTargetDependency */,
			);
			name = SwiftUiMemoUITests;
			productName = SwiftUiMemoUITests;
			productReference = 432718562C46586A0002F4D6 /* SwiftUiMemoUITests.xctest */;
			productType = "com.apple.product-type.bundle.ui-testing";
		};
/* End PBXNativeTarget section */

/* Begin PBXProject section */
		4327182D2C4658670002F4D6 /* Project object */ = {
			isa = PBXProject;
			attributes = {
				BuildIndependentTargetsInParallel = 1;
				LastSwiftUpdateCheck = 1500;
				LastUpgradeCheck = 1500;
				TargetAttributes = {
					432718342C4658670002F4D6 = {
						CreatedOnToolsVersion = 15.0.1;
					};
					4327184B2C46586A0002F4D6 = {
						CreatedOnToolsVersion = 15.0.1;
						TestTargetID = 432718342C4658670002F4D6;
					};
					432718552C46586A0002F4D6 = {
						CreatedOnToolsVersion = 15.0.1;
						TestTargetID = 432718342C4658670002F4D6;
					};
				};
			};
			buildConfigurationList = 432718302C4658670002F4D6 /* Build configuration list for PBXProject "SwiftUiMemo" */;
			compatibilityVersion = "Xcode 14.0";
			developmentRegion = en;
			hasScannedForEncodings = 0;
			knownRegions = (
				en,
				Base,
			);
			mainGroup = 4327182C2C4658670002F4D6;
			productRefGroup = 432718362C4658670002F4D6 /* Products */;
			projectDirPath = "";
			projectRoot = "";
			targets = (
				432718342C4658670002F4D6 /* SwiftUiMemo */,
				4327184B2C46586A0002F4D6 /* SwiftUiMemoTests */,
				432718552C46586A0002F4D6 /* SwiftUiMemoUITests */,
			);
		};
/* End PBXProject section */

/* Begin PBXResourcesBuildPhase section */
		432718332C4658670002F4D6 /* Resources */ = {
			isa = PBXResourcesBuildPhase;
			buildActionMask = 2147483647;
			files = (
				432718462C46586A0002F4D6 /* Preview Assets.xcassets in Resources */,
				432718422C46586A0002F4D6 /* Assets.xcassets in Resources */,
			);
			runOnlyForDeploymentPostprocessing = 0;
		};
		4327184A2C46586A0002F4D6 /* Resources */ = {
			isa = PBXResourcesBuildPhase;
			buildActionMask = 2147483647;
			files = (
			);
			runOnlyForDeploymentPostprocessing = 0;
		};
		432718542C46586A0002F4D6 /* Resources */ = {
			isa = PBXResourcesBuildPhase;
			buildActionMask = 2147483647;
			files = (
			);
			runOnlyForDeploymentPostprocessing = 0;
		};
/* End PBXResourcesBuildPhase section */

/* Begin PBXSourcesBuildPhase section */
		432718312C4658670002F4D6 /* Sources */ = {
			isa = PBXSourcesBuildPhase;
			buildActionMask = 2147483647;
			files = (
				432718392C4658670002F4D6 /* SwiftUiMemoApp.swift in Sources */,
				4327183E2C4658670002F4D6 /* SwiftUiMemo.xcdatamodeld in Sources */,
				432718402C4658670002F4D6 /* ContentView.swift in Sources */,
				4327183B2C4658670002F4D6 /* Persistence.swift in Sources */,
			);
			runOnlyForDeploymentPostprocessing = 0;
		};
		432718482C46586A0002F4D6 /* Sources */ = {
			isa = PBXSourcesBuildPhase;
			buildActionMask = 2147483647;
			files = (
				432718512C46586A0002F4D6 /* SwiftUiMemoTests.swift in Sources */,
			);
			runOnlyForDeploymentPostprocessing = 0;
		};
		432718522C46586A0002F4D6 /* Sources */ = {
			isa = PBXSourcesBuildPhase;
			buildActionMask = 2147483647;
			files = (
				4327185D2C46586A0002F4D6 /* SwiftUiMemoUITestsLaunchTests.swift in Sources */,
				4327185B2C46586A0002F4D6 /* SwiftUiMemoUITests.swift in Sources */,
			);
			runOnlyForDeploymentPostprocessing = 0;
		};
/* End PBXSourcesBuildPhase section */

/* Begin PBXTargetDependency section */
		4327184E2C46586A0002F4D6 /* PBXTargetDependency */ = {
			isa = PBXTargetDependency;
			target = 432718342C4658670002F4D6 /* SwiftUiMemo */;
			targetProxy = 4327184D2C46586A0002F4D6 /* PBXContainerItemProxy */;
		};
		432718582C46586A0002F4D6 /* PBXTargetDependency */ = {
			isa = PBXTargetDependency;
			target = 432718342C4658670002F4D6 /* SwiftUiMemo */;
			targetProxy = 432718572C46586A0002F4D6 /* PBXContainerItemProxy */;
		};
/* End PBXTargetDependency section */

/* Begin XCBuildConfiguration section */
		4327185E2C46586A0002F4D6 /* Debug */ = {
			isa = XCBuildConfiguration;
			buildSettings = {
				ALWAYS_SEARCH_USER_PATHS = NO;
				ASSETCATALOG_COMPILER_GENERATE_SWIFT_ASSET_SYMBOL_EXTENSIONS = YES;
				CLANG_ANALYZER_NONNULL = YES;
				CLANG_ANALYZER_NUMBER_OBJECT_CONVERSION = YES_AGGRESSIVE;
				CLANG_CXX_LANGUAGE_STANDARD = "gnu++20";
				CLANG_ENABLE_MODULES = YES;
				CLANG_ENABLE_OBJC_ARC = YES;
				CLANG_ENABLE_OBJC_WEAK = YES;
				CLANG_WARN_BLOCK_CAPTURE_AUTORELEASING = YES;
				CLANG_WARN_BOOL_CONVERSION = YES;
				CLANG_WARN_COMMA = YES;
				CLANG_WARN_CONSTANT_CONVERSION = YES;
				CLANG_WARN_DEPRECATED_OBJC_IMPLEMENTATIONS = YES;
				CLANG_WARN_DIRECT_OBJC_ISA_USAGE = YES_ERROR;
				CLANG_WARN_DOCUMENTATION_COMMENTS = YES;
				CLANG_WARN_EMPTY_BODY = YES;
				CLANG_WARN_ENUM_CONVERSION = YES;
				CLANG_WARN_INFINITE_RECURSION = YES;
				CLANG_WARN_INT_CONVERSION = YES;
				CLANG_WARN_NON_LITERAL_NULL_CONVERSION = YES;
				CLANG_WARN_OBJC_IMPLICIT_RETAIN_SELF = YES;
				CLANG_WARN_OBJC_LITERAL_CONVERSION = YES;
				CLANG_WARN_OBJC_ROOT_CLASS = YES_ERROR;
				CLANG_WARN_QUOTED_INCLUDE_IN_FRAMEWORK_HEADER = YES;
				CLANG_WARN_RANGE_LOOP_ANALYSIS = YES;
				CLANG_WARN_STRICT_PROTOTYPES = YES;
				CLANG_WARN_SUSPICIOUS_MOVE = YES;
				CLANG_WARN_UNGUARDED_AVAILABILITY = YES_AGGRESSIVE;
				CLANG_WARN_UNREACHABLE_CODE = YES;
				CLANG_WARN__DUPLICATE_METHOD_MATCH = YES;
				COPY_PHASE_STRIP = NO;
				DEBUG_INFORMATION_FORMAT = dwarf;
				ENABLE_STRICT_OBJC_MSGSEND = YES;
				ENABLE_TESTABILITY = YES;
				ENABLE_USER_SCRIPT_SANDBOXING = YES;
				GCC_C_LANGUAGE_STANDARD = gnu17;
				GCC_DYNAMIC_NO_PIC = NO;
				GCC_NO_COMMON_BLOCKS = YES;
				GCC_OPTIMIZATION_LEVEL = 0;
				GCC_PREPROCESSOR_DEFINITIONS = (
					"DEBUG=1",
					"$(inherited)",
				);
				GCC_WARN_64_TO_32_BIT_CONVERSION = YES;
				GCC_WARN_ABOUT_RETURN_TYPE = YES_ERROR;
				GCC_WARN_UNDECLARED_SELECTOR = YES;
				GCC_WARN_UNINITIALIZED_AUTOS = YES_AGGRESSIVE;
				GCC_WARN_UNUSED_FUNCTION = YES;
				GCC_WARN_UNUSED_VARIABLE = YES;
				LOCALIZATION_PREFERS_STRING_CATALOGS = YES;
				MTL_ENABLE_DEBUG_INFO = INCLUDE_SOURCE;
				MTL_FAST_MATH = YES;
				ONLY_ACTIVE_ARCH = YES;
				SWIFT_ACTIVE_COMPILATION_CONDITIONS = "DEBUG $(inherited)";
				SWIFT_OPTIMIZATION_LEVEL = "-Onone";
			};
			name = Debug;
		};
		4327185F2C46586A0002F4D6 /* Release */ = {
			isa = XCBuildConfiguration;
			buildSettings = {
				ALWAYS_SEARCH_USER_PATHS = NO;
				ASSETCATALOG_COMPILER_GENERATE_SWIFT_ASSET_SYMBOL_EXTENSIONS = YES;
				CLANG_ANALYZER_NONNULL = YES;
				CLANG_ANALYZER_NUMBER_OBJECT_CONVERSION = YES_AGGRESSIVE;
				CLANG_CXX_LANGUAGE_STANDARD = "gnu++20";
				CLANG_ENABLE_MODULES = YES;
				CLANG_ENABLE_OBJC_ARC = YES;
				CLANG_ENABLE_OBJC_WEAK = YES;
				CLANG_WARN_BLOCK_CAPTURE_AUTORELEASING = YES;
				CLANG_WARN_BOOL_CONVERSION = YES;
				CLANG_WARN_COMMA = YES;
				CLANG_WARN_CONSTANT_CONVERSION = YES;
				CLANG_WARN_DEPRECATED_OBJC_IMPLEMENTATIONS = YES;
				CLANG_WARN_DIRECT_OBJC_ISA_USAGE = YES_ERROR;
				CLANG_WARN_DOCUMENTATION_COMMENTS = YES;
				CLANG_WARN_EMPTY_BODY = YES;
				CLANG_WARN_ENUM_CONVERSION = YES;
				CLANG_WARN_INFINITE_RECURSION = YES;
				CLANG_WARN_INT_CONVERSION = YES;
				CLANG_WARN_NON_LITERAL_NULL_CONVERSION = YES;
				CLANG_WARN_OBJC_IMPLICIT_RETAIN_SELF = YES;
				CLANG_WARN_OBJC_LITERAL_CONVERSION = YES;
				CLANG_WARN_OBJC_ROOT_CLASS = YES_ERROR;
				CLANG_WARN_QUOTED_INCLUDE_IN_FRAMEWORK_HEADER = YES;
				CLANG_WARN_RANGE_LOOP_ANALYSIS = YES;
				CLANG_WARN_STRICT_PROTOTYPES = YES;
				CLANG_WARN_SUSPICIOUS_MOVE = YES;
				CLANG_WARN_UNGUARDED_AVAILABILITY = YES_AGGRESSIVE;
				CLANG_WARN_UNREACHABLE_CODE = YES;
				CLANG_WARN__DUPLICATE_METHOD_MATCH = YES;
				COPY_PHASE_STRIP = NO;
				DEBUG_INFORMATION_FORMAT = "dwarf-with-dsym";
				ENABLE_NS_ASSERTIONS = NO;
				ENABLE_STRICT_OBJC_MSGSEND = YES;
				ENABLE_USER_SCRIPT_SANDBOXING = YES;
				GCC_C_LANGUAGE_STANDARD = gnu17;
				GCC_NO_COMMON_BLOCKS = YES;
				GCC_WARN_64_TO_32_BIT_CONVERSION = YES;
				GCC_WARN_ABOUT_RETURN_TYPE = YES_ERROR;
				GCC_WARN_UNDECLARED_SELECTOR = YES;
				GCC_WARN_UNINITIALIZED_AUTOS = YES_AGGRESSIVE;
				GCC_WARN_UNUSED_FUNCTION = YES;
				GCC_WARN_UNUSED_VARIABLE = YES;
				LOCALIZATION_PREFERS_STRING_CATALOGS = YES;
				MTL_ENABLE_DEBUG_INFO = NO;
				MTL_FAST_MATH = YES;
				SWIFT_COMPILATION_MODE = wholemodule;
			};
			name = Release;
		};
		432718612C46586A0002F4D6 /* Debug */ = {
			isa = XCBuildConfiguration;
			buildSettings = {
				ASSETCATALOG_COMPILER_APPICON_NAME = AppIcon;
				ASSETCATALOG_COMPILER_GLOBAL_ACCENT_COLOR_NAME = AccentColor;
				CODE_SIGN_ENTITLEMENTS = SwiftUiMemo/SwiftUiMemo.entitlements;
				CODE_SIGN_STYLE = Automatic;
				CURRENT_PROJECT_VERSION = 1;
				DEVELOPMENT_ASSET_PATHS = "\"SwiftUiMemo/Preview Content\"";
				ENABLE_PREVIEWS = YES;
				GENERATE_INFOPLIST_FILE = YES;
				INFOPLIST_FILE = SwiftUiMemo/Info.plist;
				"INFOPLIST_KEY_UIApplicationSceneManifest_Generation[sdk=iphoneos*]" = YES;
				"INFOPLIST_KEY_UIApplicationSceneManifest_Generation[sdk=iphonesimulator*]" = YES;
				"INFOPLIST_KEY_UIApplicationSupportsIndirectInputEvents[sdk=iphoneos*]" = YES;
				"INFOPLIST_KEY_UIApplicationSupportsIndirectInputEvents[sdk=iphonesimulator*]" = YES;
				"INFOPLIST_KEY_UILaunchScreen_Generation[sdk=iphoneos*]" = YES;
				"INFOPLIST_KEY_UILaunchScreen_Generation[sdk=iphonesimulator*]" = YES;
				"INFOPLIST_KEY_UIStatusBarStyle[sdk=iphoneos*]" = UIStatusBarStyleDefault;
				"INFOPLIST_KEY_UIStatusBarStyle[sdk=iphonesimulator*]" = UIStatusBarStyleDefault;
				INFOPLIST_KEY_UISupportedInterfaceOrientations_iPad = "UIInterfaceOrientationPortrait UIInterfaceOrientationPortraitUpsideDown UIInterfaceOrientationLandscapeLeft UIInterfaceOrientationLandscapeRight";
				INFOPLIST_KEY_UISupportedInterfaceOrientations_iPhone = "UIInterfaceOrientationPortrait UIInterfaceOrientationLandscapeLeft UIInterfaceOrientationLandscapeRight";
				IPHONEOS_DEPLOYMENT_TARGET = 17.0;
				LD_RUNPATH_SEARCH_PATHS = "@executable_path/Frameworks";
				"LD_RUNPATH_SEARCH_PATHS[sdk=macosx*]" = "@executable_path/../Frameworks";
				MACOSX_DEPLOYMENT_TARGET = 14.0;
				MARKETING_VERSION = 1.0;
				PRODUCT_BUNDLE_IDENTIFIER = com.example.SwiftUiMemo;
				PRODUCT_NAME = "$(TARGET_NAME)";
				SDKROOT = auto;
				SUPPORTED_PLATFORMS = "iphoneos iphonesimulator macosx";
				SWIFT_EMIT_LOC_STRINGS = YES;
				SWIFT_VERSION = 5.0;
				TARGETED_DEVICE_FAMILY = "1,2";
			};
			name = Debug;
		};
		432718622C46586A0002F4D6 /* Release */ = {
			isa = XCBuildConfiguration;
			buildSettings = {
				ASSETCATALOG_COMPILER_APPICON_NAME = AppIcon;
				ASSETCATALOG_COMPILER_GLOBAL_ACCENT_COLOR_NAME = AccentColor;
				CODE_SIGN_ENTITLEMENTS = SwiftUiMemo/SwiftUiMemo.entitlements;
				CODE_SIGN_STYLE = Automatic;
				CURRENT_PROJECT_VERSION = 1;
				DEVELOPMENT_ASSET_PATHS = "\"SwiftUiMemo/Preview Content\"";
				ENABLE_PREVIEWS = YES;
				GENERATE_INFOPLIST_FILE = YES;
				INFOPLIST_FILE = SwiftUiMemo/Info.plist;
				"INFOPLIST_KEY_UIApplicationSceneManifest_Generation[sdk=iphoneos*]" = YES;
				"INFOPLIST_KEY_UIApplicationSceneManifest_Generation[sdk=iphonesimulator*]" = YES;
				"INFOPLIST_KEY_UIApplicationSupportsIndirectInputEvents[sdk=iphoneos*]" = YES;
				"INFOPLIST_KEY_UIApplicationSupportsIndirectInputEvents[sdk=iphonesimulator*]" = YES;
				"INFOPLIST_KEY_UILaunchScreen_Generation[sdk=iphoneos*]" = YES;
				"INFOPLIST_KEY_UILaunchScreen_Generation[sdk=iphonesimulator*]" = YES;
				"INFOPLIST_KEY_UIStatusBarStyle[sdk=iphoneos*]" = UIStatusBarStyleDefault;
				"INFOPLIST_KEY_UIStatusBarStyle[sdk=iphonesimulator*]" = UIStatusBarStyleDefault;
				INFOPLIST_KEY_UISupportedInterfaceOrientations_iPad = "UIInterfaceOrientationPortrait UIInterfaceOrientationPortraitUpsideDown UIInterfaceOrientationLandscapeLeft UIInterfaceOrientationLandscapeRight";
				INFOPLIST_KEY_UISupportedInterfaceOrientations_iPhone = "UIInterfaceOrientationPortrait UIInterfaceOrientationLandscapeLeft UIInterfaceOrientationLandscapeRight";
				IPHONEOS_DEPLOYMENT_TARGET = 17.0;
				LD_RUNPATH_SEARCH_PATHS = "@executable_path/Frameworks";
				"LD_RUNPATH_SEARCH_PATHS[sdk=macosx*]" = "@executable_path/../Frameworks";
				MACOSX_DEPLOYMENT_TARGET = 14.0;
				MARKETING_VERSION = 1.0;
				PRODUCT_BUNDLE_IDENTIFIER = com.example.SwiftUiMemo;
				PRODUCT_NAME = "$(TARGET_NAME)";
				SDKROOT = auto;
				SUPPORTED_PLATFORMS = "iphoneos iphonesimulator macosx";
				SWIFT_EMIT_LOC_STRINGS = YES;
				SWIFT_VERSION = 5.0;
				TARGETED_DEVICE_FAMILY = "1,2";
			};
			name = Release;
		};
		432718642C46586A0002F4D6 /* Debug */ = {
			isa = XCBuildConfiguration;
			buildSettings = {
				ALWAYS_EMBED_SWIFT_STANDARD_LIBRARIES = YES;
				BUNDLE_LOADER = "$(TEST_HOST)";
				CODE_SIGN_STYLE = Automatic;
				CURRENT_PROJECT_VERSION = 1;
				GENERATE_INFOPLIST_FILE = YES;
				IPHONEOS_DEPLOYMENT_TARGET = 17.0;
				MACOSX_DEPLOYMENT_TARGET = 14.0;
				MARKETING_VERSION = 1.0;
				PRODUCT_BUNDLE_IDENTIFIER = com.example.SwiftUiMemoTests;
				PRODUCT_NAME = "$(TARGET_NAME)";
				SDKROOT = auto;
				SUPPORTED_PLATFORMS = "iphoneos iphonesimulator macosx";
				SWIFT_EMIT_LOC_STRINGS = NO;
				SWIFT_VERSION = 5.0;
				TARGETED_DEVICE_FAMILY = "1,2";
				TEST_HOST = "$(BUILT_PRODUCTS_DIR)/SwiftUiMemo.app/$(BUNDLE_EXECUTABLE_FOLDER_PATH)/SwiftUiMemo";
			};
			name = Debug;
		};
		432718652C46586A0002F4D6 /* Release */ = {
			isa = XCBuildConfiguration;
			buildSettings = {
				ALWAYS_EMBED_SWIFT_STANDARD_LIBRARIES = YES;
				BUNDLE_LOADER = "$(TEST_HOST)";
				CODE_SIGN_STYLE = Automatic;
				CURRENT_PROJECT_VERSION = 1;
				GENERATE_INFOPLIST_FILE = YES;
				IPHONEOS_DEPLOYMENT_TARGET = 17.0;
				MACOSX_DEPLOYMENT_TARGET = 14.0;
				MARKETING_VERSION = 1.0;
				PRODUCT_BUNDLE_IDENTIFIER = com.example.SwiftUiMemoTests;
				PRODUCT_NAME = "$(TARGET_NAME)";
				SDKROOT = auto;
				SUPPORTED_PLATFORMS = "iphoneos iphonesimulator macosx";
				SWIFT_EMIT_LOC_STRINGS = NO;
				SWIFT_VERSION = 5.0;
				TARGETED_DEVICE_FAMILY = "1,2";
				TEST_HOST = "$(BUILT_PRODUCTS_DIR)/SwiftUiMemo.app/$(BUNDLE_EXECUTABLE_FOLDER_PATH)/SwiftUiMemo";
			};
			name = Release;
		};
		432718672C46586A0002F4D6 /* Debug */ = {
			isa = XCBuildConfiguration;
			buildSettings = {
				ALWAYS_EMBED_SWIFT_STANDARD_LIBRARIES = YES;
				CODE_SIGN_STYLE = Automatic;
				CURRENT_PROJECT_VERSION = 1;
				GENERATE_INFOPLIST_FILE = YES;
				IPHONEOS_DEPLOYMENT_TARGET = 17.0;
				MACOSX_DEPLOYMENT_TARGET = 14.0;
				MARKETING_VERSION = 1.0;
				PRODUCT_BUNDLE_IDENTIFIER = com.example.SwiftUiMemoUITests;
				PRODUCT_NAME = "$(TARGET_NAME)";
				SDKROOT = auto;
				SUPPORTED_PLATFORMS = "iphoneos iphonesimulator macosx";
				SWIFT_EMIT_LOC_STRINGS = NO;
				SWIFT_VERSION = 5.0;
				TARGETED_DEVICE_FAMILY = "1,2";
				TEST_TARGET_NAME = SwiftUiMemo;
			};
			name = Debug;
		};
		432718682C46586A0002F4D6 /* Release */ = {
			isa = XCBuildConfiguration;
			buildSettings = {
				ALWAYS_EMBED_SWIFT_STANDARD_LIBRARIES = YES;
				CODE_SIGN_STYLE = Automatic;
				CURRENT_PROJECT_VERSION = 1;
				GENERATE_INFOPLIST_FILE = YES;
				IPHONEOS_DEPLOYMENT_TARGET = 17.0;
				MACOSX_DEPLOYMENT_TARGET = 14.0;
				MARKETING_VERSION = 1.0;
				PRODUCT_BUNDLE_IDENTIFIER = com.example.SwiftUiMemoUITests;
				PRODUCT_NAME = "$(TARGET_NAME)";
				SDKROOT = auto;
				SUPPORTED_PLATFORMS = "iphoneos iphonesimulator macosx";
				SWIFT_EMIT_LOC_STRINGS = NO;
				SWIFT_VERSION = 5.0;
				TARGETED_DEVICE_FAMILY = "1,2";
				TEST_TARGET_NAME = SwiftUiMemo;
			};
			name = Release;
		};
/* End XCBuildConfiguration section */

/* Begin XCConfigurationList section */
		432718302C4658670002F4D6 /* Build configuration list for PBXProject "SwiftUiMemo" */ = {
			isa = XCConfigurationList;
			buildConfigurations = (
				4327185E2C46586A0002F4D6 /* Debug */,
				4327185F2C46586A0002F4D6 /* Release */,
			);
			defaultConfigurationIsVisible = 0;
			defaultConfigurationName = Release;
		};
		432718602C46586A0002F4D6 /* Build configuration list for PBXNativeTarget "SwiftUiMemo" */ = {
			isa = XCConfigurationList;
			buildConfigurations = (
				432718612C46586A0002F4D6 /* Debug */,
				432718622C46586A0002F4D6 /* Release */,
			);
			defaultConfigurationIsVisible = 0;
			defaultConfigurationName = Release;
		};
		432718632C46586A0002F4D6 /* Build configuration list for PBXNativeTarget "SwiftUiMemoTests" */ = {
			isa = XCConfigurationList;
			buildConfigurations = (
				432718642C46586A0002F4D6 /* Debug */,
				432718652C46586A0002F4D6 /* Release */,
			);
			defaultConfigurationIsVisible = 0;
			defaultConfigurationName = Release;
		};
		432718662C46586A0002F4D6 /* Build configuration list for PBXNativeTarget "SwiftUiMemoUITests" */ = {
			isa = XCConfigurationList;
			buildConfigurations = (
				432718672C46586A0002F4D6 /* Debug */,
				432718682C46586A0002F4D6 /* Release */,
			);
			defaultConfigurationIsVisible = 0;
			defaultConfigurationName = Release;
		};
/* End XCConfigurationList section */

/* Begin XCVersionGroup section */
		4327183C2C4658670002F4D6 /* SwiftUiMemo.xcdatamodeld */ = {
			isa = XCVersionGroup;
			children = (
				4327183D2C4658670002F4D6 /* SwiftUiMemo.xcdatamodel */,
			);
			currentVersion = 4327183D2C4658670002F4D6 /* SwiftUiMemo.xcdatamodel */;
			path = SwiftUiMemo.xcdatamodeld;
			sourceTree = "<group>";
			versionGroupType = wrapper.xcdatamodel;
		};
/* End XCVersionGroup section */
	};
	rootObject = 4327182D2C4658670002F4D6 /* Project object */;
}
